
Microsoft Visual Studio Solution File, Format Version 12.00
# Visual Studio Version 17
VisualStudioVersion = 17.2.32630.192
MinimumVisualStudioVersion = 10.0.40219.1
Project("{FAE04EC0-301F-11D3-BF4B-00C04F79EFBC}") = "WebAPI-Task2", "WebAPI-Task2.csproj", "{BEA070CC-8E0A-4EF9-84E3-1B2C50952051}"
EndProject
Global
	GlobalSection(SolutionConfigurationPlatforms) = preSolution
		Debug|Any CPU = Debug|Any CPU
		Release|Any CPU = Release|Any CPU
	EndGlobalSection
	GlobalSection(ProjectConfigurationPlatforms) = postSolution
		{BEA070CC-8E0A-4EF9-84E3-1B2C50952051}.Debug|Any CPU.ActiveCfg = Debug|Any CPU
		{BEA070CC-8E0A-4EF9-84E3-1B2C50952051}.Debug|Any CPU.Build.0 = Debug|Any CPU
		{BEA070CC-8E0A-4EF9-84E3-1B2C50952051}.Release|Any CPU.ActiveCfg = Release|Any CPU
		{BEA070CC-8E0A-4EF9-84E3-1B2C50952051}.Release|Any CPU.Build.0 = Release|Any CPU
	EndGlobalSection
	GlobalSection(SolutionProperties) = preSolution
		HideSolutionNode = FALSE
	EndGlobalSection
	GlobalSection(ExtensibilityGlobals) = postSolution
		SolutionGuid = {27AD56AE-B26E-4499-B6B7-67E56710587A}
	EndGlobalSection
EndGlobal
